{
  "name": "qa-sdet-llm-portfolio",
  "lockfileVersion": 3,
  "requires": true,
  "packages": {
    "": {
      "name": "qa-sdet-llm-portfolio",
      "dependencies": {
        "fast-xml-parser": "file:packages/fast-xml-parser"
      },
      "bin": {
        "flaky": "projects/03-ci-flaky/scripts/flaky.mjs"
      },
      "devDependencies": {
        "@playwright/test": "file:packages/playwright-test-stub"
      }
    },
    "node_modules/@playwright/test": {
      "resolved": "packages/playwright-test-stub",
      "link": true
    },
    "node_modules/fast-xml-parser": {
      "resolved": "packages/fast-xml-parser",
      "link": true
    },
    "packages/fast-xml-parser": {
      "version": "4.2.7"
    },
    "packages/playwright-test-stub": {
      "name": "@playwright/test",
      "version": "0.0.0-stub",
      "dev": true,
      "bin": {
        "playwright": "bin/playwright.js"
      }
    }
  }
}
