{
  "name": "qa-sdet-llm-portfolio",
  "lockfileVersion": 3,
  "requires": true,
  "packages": {
    "": {
      "name": "qa-sdet-llm-portfolio",
      "dependencies": {
        "fast-xml-parser": "file:packages/fast-xml-parser"
      },
      "bin": {
        "flaky": "projects/03-ci-flaky/scripts/flaky.mjs"
      },
      "devDependencies": {
        "@eslint/js": "file:packages/@eslint/js",
        "@playwright/test": "file:packages/playwright-test-stub",
        "eslint": "file:packages/eslint",
        "eslint-config-prettier": "file:packages/eslint-config-prettier",
        "eslint-plugin-import": "file:packages/eslint-plugin-import",
        "prettier": "file:packages/prettier"
      }
    },
    "node_modules/@eslint/js": {
      "resolved": "packages/@eslint/js",
      "link": true
    },
    "node_modules/@playwright/test": {
      "resolved": "packages/playwright-test-stub",
      "link": true
    },
    "node_modules/eslint": {
      "resolved": "packages/eslint",
      "link": true
    },
    "node_modules/eslint-config-prettier": {
      "resolved": "packages/eslint-config-prettier",
      "link": true
    },
    "node_modules/eslint-plugin-import": {
      "resolved": "packages/eslint-plugin-import",
      "link": true
    },
    "node_modules/fast-xml-parser": {
      "resolved": "packages/fast-xml-parser",
      "link": true
    },
    "node_modules/prettier": {
      "resolved": "packages/prettier",
      "link": true
    },
    "packages/@eslint/js": {
      "version": "0.0.0-stub",
      "dev": true
    },
    "packages/eslint": {
      "version": "0.0.0-stub",
      "dev": true,
      "bin": {
        "eslint": "bin/eslint.js"
      }
    },
    "packages/eslint-config-prettier": {
      "version": "0.0.0-stub",
      "dev": true
    },
    "packages/eslint-plugin-import": {
      "version": "0.0.0-stub",
      "dev": true
    },
    "packages/fast-xml-parser": {
      "version": "4.2.7"
    },
    "packages/playwright-test-stub": {
      "name": "@playwright/test",
      "version": "0.0.0-stub",
      "dev": true,
      "bin": {
        "playwright": "bin/playwright.js"
      }
    },
    "packages/prettier": {
      "version": "0.0.0-stub",
      "dev": true,
      "bin": {
        "prettier": "bin/prettier.js"
      }
    }
  }
}
